
Microsoft Visual Studio Solution File, Format Version 12.00
Project("{FAE04EC0-301F-11D3-BF4B-00C04F79EFBC}") = "AlternativeStartingDecks", "AlternativeStartingDecks.csproj", "{465497CB-A72C-4F79-BC5C-4D1D3245820F}"
EndProject
Project("{FAE04EC0-301F-11D3-BF4B-00C04F79EFBC}") = "Tools", "Tools\Tools.csproj", "{C6170FC6-4C8F-46E3-B6C3-AEA104477525}"
EndProject
Global
	GlobalSection(SolutionConfigurationPlatforms) = preSolution
		Debug|Any CPU = Debug|Any CPU
		ExportDebug|Any CPU = ExportDebug|Any CPU
		ExportRelease|Any CPU = ExportRelease|Any CPU
	EndGlobalSection
	GlobalSection(ProjectConfigurationPlatforms) = postSolution
		{465497CB-A72C-4F79-BC5C-4D1D3245820F}.Debug|Any CPU.ActiveCfg = Debug|Any CPU
		{465497CB-A72C-4F79-BC5C-4D1D3245820F}.Debug|Any CPU.Build.0 = Debug|Any CPU
		{465497CB-A72C-4F79-BC5C-4D1D3245820F}.ExportDebug|Any CPU.ActiveCfg = ExportDebug|Any CPU
		{465497CB-A72C-4F79-BC5C-4D1D3245820F}.ExportDebug|Any CPU.Build.0 = ExportDebug|Any CPU
		{465497CB-A72C-4F79-BC5C-4D1D3245820F}.ExportRelease|Any CPU.ActiveCfg = ExportRelease|Any CPU
		{465497CB-A72C-4F79-BC5C-4D1D3245820F}.ExportRelease|Any CPU.Build.0 = ExportRelease|Any CPU
		{C6170FC6-4C8F-46E3-B6C3-AEA104477525}.Debug|Any CPU.ActiveCfg = Debug|Any CPU
		{C6170FC6-4C8F-46E3-B6C3-AEA104477525}.Debug|Any CPU.Build.0 = Debug|Any CPU
		{C6170FC6-4C8F-46E3-B6C3-AEA104477525}.ExportDebug|Any CPU.ActiveCfg = Debug|Any CPU
		{C6170FC6-4C8F-46E3-B6C3-AEA104477525}.ExportDebug|Any CPU.Build.0 = Debug|Any CPU
		{C6170FC6-4C8F-46E3-B6C3-AEA104477525}.ExportRelease|Any CPU.ActiveCfg = Debug|Any CPU
		{C6170FC6-4C8F-46E3-B6C3-AEA104477525}.ExportRelease|Any CPU.Build.0 = Debug|Any CPU
	EndGlobalSection
EndGlobal
